
Microsoft Visual Studio Solution File, Format Version 12.00
# Visual Studio Version 16
VisualStudioVersion = 16.0.29905.134
MinimumVisualStudioVersion = 10.0.40219.1
Project("{FAE04EC0-301F-11D3-BF4B-00C04F79EFBC}") = "FileViewer_02", "FileViewer_02\FileViewer_02.csproj", "{5FB5B30A-E3B3-4A4B-825B-A8C3DC0B63E2}"
EndProject
Global
	GlobalSection(SolutionConfigurationPlatforms) = preSolution
		Debug|Any CPU = Debug|Any CPU
		Release|Any CPU = Release|Any CPU
	EndGlobalSection
	GlobalSection(ProjectConfigurationPlatforms) = postSolution
		{5FB5B30A-E3B3-4A4B-825B-A8C3DC0B63E2}.Debug|Any CPU.ActiveCfg = Debug|Any CPU
		{5FB5B30A-E3B3-4A4B-825B-A8C3DC0B63E2}.Debug|Any CPU.Build.0 = Debug|Any CPU
		{5FB5B30A-E3B3-4A4B-825B-A8C3DC0B63E2}.Release|Any CPU.ActiveCfg = Release|Any CPU
		{5FB5B30A-E3B3-4A4B-825B-A8C3DC0B63E2}.Release|Any CPU.Build.0 = Release|Any CPU
	EndGlobalSection
	GlobalSection(SolutionProperties) = preSolution
		HideSolutionNode = FALSE
	EndGlobalSection
	GlobalSection(ExtensibilityGlobals) = postSolution
		SolutionGuid = {C9FF5E3A-132A-4650-A155-AD2A81CECEA2}
	EndGlobalSection
EndGlobal
