
Microsoft Visual Studio Solution File, Format Version 12.00
# Visual Studio Version 16
VisualStudioVersion = 16.0.29905.134
MinimumVisualStudioVersion = 10.0.40219.1
Project("{FAE04EC0-301F-11D3-BF4B-00C04F79EFBC}") = "FileViewer_05", "FIleViewer_05\FileViewer_05.csproj", "{5950BAC8-8D9F-4304-8BCE-E391ED19096C}"
EndProject
Global
	GlobalSection(SolutionConfigurationPlatforms) = preSolution
		Debug|Any CPU = Debug|Any CPU
		Release|Any CPU = Release|Any CPU
	EndGlobalSection
	GlobalSection(ProjectConfigurationPlatforms) = postSolution
		{5950BAC8-8D9F-4304-8BCE-E391ED19096C}.Debug|Any CPU.ActiveCfg = Debug|Any CPU
		{5950BAC8-8D9F-4304-8BCE-E391ED19096C}.Debug|Any CPU.Build.0 = Debug|Any CPU
		{5950BAC8-8D9F-4304-8BCE-E391ED19096C}.Release|Any CPU.ActiveCfg = Release|Any CPU
		{5950BAC8-8D9F-4304-8BCE-E391ED19096C}.Release|Any CPU.Build.0 = Release|Any CPU
	EndGlobalSection
	GlobalSection(SolutionProperties) = preSolution
		HideSolutionNode = FALSE
	EndGlobalSection
	GlobalSection(ExtensibilityGlobals) = postSolution
		SolutionGuid = {B1340C56-8F29-4DA7-B3F9-042E5C918B0A}
	EndGlobalSection
EndGlobal
